
Microsoft Visual Studio Solution File, Format Version 12.00
# Visual Studio Version 17
VisualStudioVersion = 17.9.34728.123
MinimumVisualStudioVersion = 10.0.40219.1
Project("{FAE04EC0-301F-11D3-BF4B-00C04F79EFBC}") = "ProjectFinalCsharp", "ProjectFinalCsharp.csproj", "{BE5844F2-9853-461F-820F-5065699598AE}"
EndProject
Global
	GlobalSection(SolutionConfigurationPlatforms) = preSolution
		Debug|Any CPU = Debug|Any CPU
		Release|Any CPU = Release|Any CPU
	EndGlobalSection
	GlobalSection(ProjectConfigurationPlatforms) = postSolution
		{BE5844F2-9853-461F-820F-5065699598AE}.Debug|Any CPU.ActiveCfg = Debug|Any CPU
		{BE5844F2-9853-461F-820F-5065699598AE}.Debug|Any CPU.Build.0 = Debug|Any CPU
		{BE5844F2-9853-461F-820F-5065699598AE}.Release|Any CPU.ActiveCfg = Release|Any CPU
		{BE5844F2-9853-461F-820F-5065699598AE}.Release|Any CPU.Build.0 = Release|Any CPU
	EndGlobalSection
	GlobalSection(SolutionProperties) = preSolution
		HideSolutionNode = FALSE
	EndGlobalSection
	GlobalSection(ExtensibilityGlobals) = postSolution
		SolutionGuid = {4E1EDDF2-1F71-498F-8DD6-472BB36D8E21}
	EndGlobalSection
EndGlobal
